// !$*UTF8*$!
{
	archiveVersion = 1;
	classes = {
	};
	objectVersion = 46;
	objects = {

/* Begin PBXBuildFile section */
		FAB553DE1D45D7130007C559 /* acmicpc-2293.cpp in Sources */ = {isa = PBXBuildFile; fileRef = FAB553DD1D45D7130007C559 /* acmicpc-2293.cpp */; };
/* End PBXBuildFile section */

/* Begin PBXCopyFilesBuildPhase section */
		FA8699FE1A4299A8006BBFF3 /* CopyFiles */ = {
			isa = PBXCopyFilesBuildPhase;
			buildActionMask = 2147483647;
			dstPath = /usr/share/man/man1/;
			dstSubfolderSpec = 0;
			files = (
			);
			runOnlyForDeploymentPostprocessing = 1;
		};
/* End PBXCopyFilesBuildPhase section */

/* Begin PBXFileReference section */
		FA30F37C1C199D70009B9966 /* koistudy-1061.cpp */ = {isa = PBXFileReference; fileEncoding = 4; lastKnownFileType = sourcecode.cpp.cpp; path = "koistudy-1061.cpp"; sourceTree = "<group>"; };
		FA3442541D2CD97000F1E3B6 /* acmicpc-3046.cpp */ = {isa = PBXFileReference; fileEncoding = 4; lastKnownFileType = sourcecode.cpp.cpp; path = "acmicpc-3046.cpp"; sourceTree = "<group>"; };
		FA3442561D2CDA2C00F1E3B6 /* acmicpc-2010.cpp */ = {isa = PBXFileReference; fileEncoding = 4; lastKnownFileType = sourcecode.cpp.cpp; path = "acmicpc-2010.cpp"; sourceTree = "<group>"; };
		FA3442581D2CDAC100F1E3B6 /* acmicpc-1978.cpp */ = {isa = PBXFileReference; fileEncoding = 4; lastKnownFileType = sourcecode.cpp.cpp; path = "acmicpc-1978.cpp"; sourceTree = "<group>"; };
		FA34425A1D2CDD7A00F1E3B6 /* acmicpc-1929.cpp */ = {isa = PBXFileReference; fileEncoding = 4; lastKnownFileType = sourcecode.cpp.cpp; path = "acmicpc-1929.cpp"; sourceTree = "<group>"; };
		FA34425C1D2DE1AC00F1E3B6 /* acmicpc-1463.cpp */ = {isa = PBXFileReference; fileEncoding = 4; lastKnownFileType = sourcecode.cpp.cpp; path = "acmicpc-1463.cpp"; sourceTree = "<group>"; };
		FA34425E1D2DEFC700F1E3B6 /* acmicpc-2193.cpp */ = {isa = PBXFileReference; fileEncoding = 4; lastKnownFileType = sourcecode.cpp.cpp; path = "acmicpc-2193.cpp"; sourceTree = "<group>"; };
		FA3442601D2E142300F1E3B6 /* acmicpc-2579.cpp */ = {isa = PBXFileReference; fileEncoding = 4; lastKnownFileType = sourcecode.cpp.cpp; path = "acmicpc-2579.cpp"; sourceTree = "<group>"; };
		FA3442621D2F86F000F1E3B6 /* koistudy-1480.cpp */ = {isa = PBXFileReference; fileEncoding = 4; lastKnownFileType = sourcecode.cpp.cpp; path = "koistudy-1480.cpp"; sourceTree = "<group>"; };
		FA3442641D2F8C8900F1E3B6 /* koistudy-1209.cpp */ = {isa = PBXFileReference; fileEncoding = 4; lastKnownFileType = sourcecode.cpp.cpp; path = "koistudy-1209.cpp"; sourceTree = "<group>"; };
		FA3442671D34680700F1E3B6 /* acmicpc-1003.cpp */ = {isa = PBXFileReference; fileEncoding = 4; lastKnownFileType = sourcecode.cpp.cpp; path = "acmicpc-1003.cpp"; sourceTree = "<group>"; };
		FA3442691D35D7CA00F1E3B6 /* acmicpc-2167.cpp */ = {isa = PBXFileReference; fileEncoding = 4; lastKnownFileType = sourcecode.cpp.cpp; path = "acmicpc-2167.cpp"; sourceTree = "<group>"; };
		FA34426B1D371BC900F1E3B6 /* judgeon-3528.cpp */ = {isa = PBXFileReference; fileEncoding = 4; lastKnownFileType = sourcecode.cpp.cpp; path = "judgeon-3528.cpp"; sourceTree = "<group>"; };
		FA34426D1D376CEA00F1E3B6 /* acmicpc-2178.cpp */ = {isa = PBXFileReference; fileEncoding = 4; lastKnownFileType = sourcecode.cpp.cpp; path = "acmicpc-2178.cpp"; sourceTree = "<group>"; };
		FA425B6D1D18DDAC004E4A27 /* judgeon-3981.cpp */ = {isa = PBXFileReference; fileEncoding = 4; lastKnownFileType = sourcecode.cpp.cpp; path = "judgeon-3981.cpp"; sourceTree = "<group>"; };
		FA425B6F1D1B6C1E004E4A27 /* judgeon-4023.cpp */ = {isa = PBXFileReference; fileEncoding = 4; lastKnownFileType = sourcecode.cpp.cpp; path = "judgeon-4023.cpp"; sourceTree = "<group>"; };
		FA425B721D236A4D004E4A27 /* judgeon-3945.cpp */ = {isa = PBXFileReference; fileEncoding = 4; lastKnownFileType = sourcecode.cpp.cpp; path = "judgeon-3945.cpp"; sourceTree = "<group>"; };
		FA425B741D236C7C004E4A27 /* judgeon-3943.cpp */ = {isa = PBXFileReference; fileEncoding = 4; lastKnownFileType = sourcecode.cpp.cpp; path = "judgeon-3943.cpp"; sourceTree = "<group>"; };
		FA6044601CBE0F580022881B /* codeforce-339A.cpp */ = {isa = PBXFileReference; fileEncoding = 4; lastKnownFileType = sourcecode.cpp.cpp; path = "codeforce-339A.cpp"; sourceTree = "<group>"; };
		FA6044611CBE0F580022881B /* judgeon_5002.cpp */ = {isa = PBXFileReference; fileEncoding = 4; lastKnownFileType = sourcecode.cpp.cpp; path = judgeon_5002.cpp; sourceTree = "<group>"; };
		FA6044631CBE0F580022881B /* koistudy-694.cpp */ = {isa = PBXFileReference; fileEncoding = 4; lastKnownFileType = sourcecode.cpp.cpp; path = "koistudy-694.cpp"; sourceTree = "<group>"; };
		FA6044641CBE0F580022881B /* koistudy-868.cpp */ = {isa = PBXFileReference; fileEncoding = 4; lastKnownFileType = sourcecode.cpp.cpp; path = "koistudy-868.cpp"; sourceTree = "<group>"; };
		FA6044651CBE0F580022881B /* koistudy-877.cpp */ = {isa = PBXFileReference; fileEncoding = 4; lastKnownFileType = sourcecode.cpp.cpp; path = "koistudy-877.cpp"; sourceTree = "<group>"; };
		FA6044661CBE0F580022881B /* koistudy-1131.cpp */ = {isa = PBXFileReference; fileEncoding = 4; lastKnownFileType = sourcecode.cpp.cpp; path = "koistudy-1131.cpp"; sourceTree = "<group>"; };
		FA6044671CBE0F580022881B /* koistudy-1357.cpp */ = {isa = PBXFileReference; fileEncoding = 4; lastKnownFileType = sourcecode.cpp.cpp; path = "koistudy-1357.cpp"; sourceTree = "<group>"; };
		FA6F0FD21D2630B0002EF84B /* judgeon-4045.cpp */ = {isa = PBXFileReference; fileEncoding = 4; lastKnownFileType = sourcecode.cpp.cpp; path = "judgeon-4045.cpp"; sourceTree = "<group>"; };
		FA6F0FD41D29E6D2002EF84B /* koistudy-1473.cpp */ = {isa = PBXFileReference; fileEncoding = 4; lastKnownFileType = sourcecode.cpp.cpp; path = "koistudy-1473.cpp"; sourceTree = "<group>"; };
		FA6F0FD61D29EF2A002EF84B /* koistudy-1539.cpp */ = {isa = PBXFileReference; fileEncoding = 4; lastKnownFileType = sourcecode.cpp.cpp; path = "koistudy-1539.cpp"; sourceTree = "<group>"; };
		FA6F0FD81D2B52F6002EF84B /* koistudy-1363.cpp */ = {isa = PBXFileReference; fileEncoding = 4; lastKnownFileType = sourcecode.cpp.cpp; path = "koistudy-1363.cpp"; sourceTree = "<group>"; };
		FA6F0FDB1D2CC4CF002EF84B /* acmicpc-1110.cpp */ = {isa = PBXFileReference; fileEncoding = 4; lastKnownFileType = sourcecode.cpp.cpp; path = "acmicpc-1110.cpp"; sourceTree = "<group>"; };
		FA869A001A4299A8006BBFF3 /* PSM */ = {isa = PBXFileReference; explicitFileType = "compiled.mach-o.executable"; includeInIndex = 0; path = PSM; sourceTree = BUILT_PRODUCTS_DIR; };
		FAB553DB1D45D2B40007C559 /* acmicpc-1932.cpp */ = {isa = PBXFileReference; fileEncoding = 4; lastKnownFileType = sourcecode.cpp.cpp; path = "acmicpc-1932.cpp"; sourceTree = "<group>"; };
		FAB553DD1D45D7130007C559 /* acmicpc-2293.cpp */ = {isa = PBXFileReference; fileEncoding = 4; lastKnownFileType = sourcecode.cpp.cpp; path = "acmicpc-2293.cpp"; sourceTree = "<group>"; };
		FAEBD8601D16C57D00F9F515 /* acmicpc-1149.cpp */ = {isa = PBXFileReference; fileEncoding = 4; lastKnownFileType = sourcecode.cpp.cpp; path = "acmicpc-1149.cpp"; sourceTree = "<group>"; };
/* End PBXFileReference section */

/* Begin PBXFrameworksBuildPhase section */
		FA8699FD1A4299A8006BBFF3 /* Frameworks */ = {
			isa = PBXFrameworksBuildPhase;
			buildActionMask = 2147483647;
			files = (
			);
			runOnlyForDeploymentPostprocessing = 0;
		};
/* End PBXFrameworksBuildPhase section */

/* Begin PBXGroup section */
		FA8699F71A4299A8006BBFF3 = {
			isa = PBXGroup;
			children = (
				FAB553E31D45D92D0007C559 /* codeforce */,
				FAB553E21D45D8BF0007C559 /* judgeon */,
				FAB553E11D45D8B50007C559 /* acmicpc */,
				FAB553E01D45D8AD0007C559 /* koistudy */,
				FA869A011A4299A8006BBFF3 /* Products */,
			);
			sourceTree = "<group>";
			usesTabs = 1;
		};
		FA869A011A4299A8006BBFF3 /* Products */ = {
			isa = PBXGroup;
			children = (
				FA869A001A4299A8006BBFF3 /* PSM */,
			);
			name = Products;
			sourceTree = "<group>";
		};
		FAB553E01D45D8AD0007C559 /* koistudy */ = {
			isa = PBXGroup;
			children = (
				FA6F0FD41D29E6D2002EF84B /* koistudy-1473.cpp */,
				FA6F0FD61D29EF2A002EF84B /* koistudy-1539.cpp */,
				FA6F0FD81D2B52F6002EF84B /* koistudy-1363.cpp */,
				FA6044631CBE0F580022881B /* koistudy-694.cpp */,
				FA6044641CBE0F580022881B /* koistudy-868.cpp */,
				FA6044651CBE0F580022881B /* koistudy-877.cpp */,
				FA6044661CBE0F580022881B /* koistudy-1131.cpp */,
				FA6044671CBE0F580022881B /* koistudy-1357.cpp */,
				FA30F37C1C199D70009B9966 /* koistudy-1061.cpp */,
				FA3442621D2F86F000F1E3B6 /* koistudy-1480.cpp */,
				FA3442641D2F8C8900F1E3B6 /* koistudy-1209.cpp */,
			);
			name = koistudy;
			sourceTree = "<group>";
		};
		FAB553E11D45D8B50007C559 /* acmicpc */ = {
			isa = PBXGroup;
			children = (
				FA3442541D2CD97000F1E3B6 /* acmicpc-3046.cpp */,
				FAEBD8601D16C57D00F9F515 /* acmicpc-1149.cpp */,
				FA3442671D34680700F1E3B6 /* acmicpc-1003.cpp */,
				FA3442691D35D7CA00F1E3B6 /* acmicpc-2167.cpp */,
				FA34426D1D376CEA00F1E3B6 /* acmicpc-2178.cpp */,
				FA6F0FDB1D2CC4CF002EF84B /* acmicpc-1110.cpp */,
				FA3442561D2CDA2C00F1E3B6 /* acmicpc-2010.cpp */,
				FAB553DB1D45D2B40007C559 /* acmicpc-1932.cpp */,
				FA3442581D2CDAC100F1E3B6 /* acmicpc-1978.cpp */,
				FA34425A1D2CDD7A00F1E3B6 /* acmicpc-1929.cpp */,
				FA34425C1D2DE1AC00F1E3B6 /* acmicpc-1463.cpp */,
				FA34425E1D2DEFC700F1E3B6 /* acmicpc-2193.cpp */,
				FA3442601D2E142300F1E3B6 /* acmicpc-2579.cpp */,
				FAB553DD1D45D7130007C559 /* acmicpc-2293.cpp */,
			);
			name = acmicpc;
			sourceTree = "<group>";
		};
		FAB553E21D45D8BF0007C559 /* judgeon */ = {
			isa = PBXGroup;
			children = (
				FA6044611CBE0F580022881B /* judgeon_5002.cpp */,
				FA34426B1D371BC900F1E3B6 /* judgeon-3528.cpp */,
				FA425B6D1D18DDAC004E4A27 /* judgeon-3981.cpp */,
				FA425B6F1D1B6C1E004E4A27 /* judgeon-4023.cpp */,
				FA425B741D236C7C004E4A27 /* judgeon-3943.cpp */,
				FA425B721D236A4D004E4A27 /* judgeon-3945.cpp */,
				FA6F0FD21D2630B0002EF84B /* judgeon-4045.cpp */,
			);
			name = judgeon;
			sourceTree = "<group>";
		};
		FAB553E31D45D92D0007C559 /* codeforce */ = {
			isa = PBXGroup;
			children = (
				FA6044601CBE0F580022881B /* codeforce-339A.cpp */,
			);
			name = codeforce;
			sourceTree = "<group>";
		};
/* End PBXGroup section */

/* Begin PBXNativeTarget section */
		FA8699FF1A4299A8006BBFF3 /* PSM */ = {
			isa = PBXNativeTarget;
			buildConfigurationList = FA869A071A4299A8006BBFF3 /* Build configuration list for PBXNativeTarget "PSM" */;
			buildPhases = (
				FA8699FC1A4299A8006BBFF3 /* Sources */,
				FA8699FD1A4299A8006BBFF3 /* Frameworks */,
				FA8699FE1A4299A8006BBFF3 /* CopyFiles */,
			);
			buildRules = (
			);
			dependencies = (
			);
			name = PSM;
			productName = PSM;
			productReference = FA869A001A4299A8006BBFF3 /* PSM */;
			productType = "com.apple.product-type.tool";
		};
/* End PBXNativeTarget section */

/* Begin PBXProject section */
		FA8699F81A4299A8006BBFF3 /* Project object */ = {
			isa = PBXProject;
			attributes = {
				LastUpgradeCheck = 0720;
				ORGANIZATIONNAME = kbs;
				TargetAttributes = {
					FA8699FF1A4299A8006BBFF3 = {
						CreatedOnToolsVersion = 6.1.1;
					};
				};
			};
			buildConfigurationList = FA8699FB1A4299A8006BBFF3 /* Build configuration list for PBXProject "PSM" */;
			compatibilityVersion = "Xcode 3.2";
			developmentRegion = English;
			hasScannedForEncodings = 0;
			knownRegions = (
				en,
			);
			mainGroup = FA8699F71A4299A8006BBFF3;
			productRefGroup = FA869A011A4299A8006BBFF3 /* Products */;
			projectDirPath = "";
			projectRoot = "";
			targets = (
				FA8699FF1A4299A8006BBFF3 /* PSM */,
			);
		};
/* End PBXProject section */

/* Begin PBXSourcesBuildPhase section */
		FA8699FC1A4299A8006BBFF3 /* Sources */ = {
			isa = PBXSourcesBuildPhase;
			buildActionMask = 2147483647;
			files = (
				FAB553DE1D45D7130007C559 /* acmicpc-2293.cpp in Sources */,
			);
			runOnlyForDeploymentPostprocessing = 0;
		};
/* End PBXSourcesBuildPhase section */

/* Begin XCBuildConfiguration section */
		FA869A051A4299A8006BBFF3 /* Debug */ = {
			isa = XCBuildConfiguration;
			buildSettings = {
				ALWAYS_SEARCH_USER_PATHS = NO;
				CLANG_CXX_LANGUAGE_STANDARD = "gnu++0x";
				CLANG_CXX_LIBRARY = "libc++";
				CLANG_ENABLE_MODULES = YES;
				CLANG_ENABLE_OBJC_ARC = YES;
				CLANG_WARN_BOOL_CONVERSION = YES;
				CLANG_WARN_CONSTANT_CONVERSION = YES;
				CLANG_WARN_DIRECT_OBJC_ISA_USAGE = YES_ERROR;
				CLANG_WARN_EMPTY_BODY = YES;
				CLANG_WARN_ENUM_CONVERSION = YES;
				CLANG_WARN_INT_CONVERSION = YES;
				CLANG_WARN_OBJC_ROOT_CLASS = YES_ERROR;
				CLANG_WARN_UNREACHABLE_CODE = YES;
				CLANG_WARN__DUPLICATE_METHOD_MATCH = YES;
				COPY_PHASE_STRIP = NO;
				ENABLE_STRICT_OBJC_MSGSEND = YES;
				ENABLE_TESTABILITY = YES;
				GCC_C_LANGUAGE_STANDARD = gnu99;
				GCC_DYNAMIC_NO_PIC = NO;
				GCC_OPTIMIZATION_LEVEL = 0;
				GCC_PREPROCESSOR_DEFINITIONS = (
					"DEBUG=1",
					"$(inherited)",
				);
				GCC_SYMBOLS_PRIVATE_EXTERN = NO;
				GCC_WARN_64_TO_32_BIT_CONVERSION = YES;
				GCC_WARN_ABOUT_RETURN_TYPE = YES_ERROR;
				GCC_WARN_UNDECLARED_SELECTOR = YES;
				GCC_WARN_UNINITIALIZED_AUTOS = YES_AGGRESSIVE;
				GCC_WARN_UNUSED_FUNCTION = YES;
				GCC_WARN_UNUSED_VARIABLE = YES;
				MACOSX_DEPLOYMENT_TARGET = 10.10;
				MTL_ENABLE_DEBUG_INFO = YES;
				ONLY_ACTIVE_ARCH = YES;
				SDKROOT = macosx;
			};
			name = Debug;
		};
		FA869A061A4299A8006BBFF3 /* Release */ = {
			isa = XCBuildConfiguration;
			buildSettings = {
				ALWAYS_SEARCH_USER_PATHS = NO;
				CLANG_CXX_LANGUAGE_STANDARD = "gnu++0x";
				CLANG_CXX_LIBRARY = "libc++";
				CLANG_ENABLE_MODULES = YES;
				CLANG_ENABLE_OBJC_ARC = YES;
				CLANG_WARN_BOOL_CONVERSION = YES;
				CLANG_WARN_CONSTANT_CONVERSION = YES;
				CLANG_WARN_DIRECT_OBJC_ISA_USAGE = YES_ERROR;
				CLANG_WARN_EMPTY_BODY = YES;
				CLANG_WARN_ENUM_CONVERSION = YES;
				CLANG_WARN_INT_CONVERSION = YES;
				CLANG_WARN_OBJC_ROOT_CLASS = YES_ERROR;
				CLANG_WARN_UNREACHABLE_CODE = YES;
				CLANG_WARN__DUPLICATE_METHOD_MATCH = YES;
				COPY_PHASE_STRIP = YES;
				DEBUG_INFORMATION_FORMAT = "dwarf-with-dsym";
				ENABLE_NS_ASSERTIONS = NO;
				ENABLE_STRICT_OBJC_MSGSEND = YES;
				GCC_C_LANGUAGE_STANDARD = gnu99;
				GCC_WARN_64_TO_32_BIT_CONVERSION = YES;
				GCC_WARN_ABOUT_RETURN_TYPE = YES_ERROR;
				GCC_WARN_UNDECLARED_SELECTOR = YES;
				GCC_WARN_UNINITIALIZED_AUTOS = YES_AGGRESSIVE;
				GCC_WARN_UNUSED_FUNCTION = YES;
				GCC_WARN_UNUSED_VARIABLE = YES;
				MACOSX_DEPLOYMENT_TARGET = 10.10;
				MTL_ENABLE_DEBUG_INFO = NO;
				SDKROOT = macosx;
			};
			name = Release;
		};
		FA869A081A4299A8006BBFF3 /* Debug */ = {
			isa = XCBuildConfiguration;
			buildSettings = {
				PRODUCT_NAME = "$(TARGET_NAME)";
			};
			name = Debug;
		};
		FA869A091A4299A8006BBFF3 /* Release */ = {
			isa = XCBuildConfiguration;
			buildSettings = {
				PRODUCT_NAME = "$(TARGET_NAME)";
			};
			name = Release;
		};
/* End XCBuildConfiguration section */

/* Begin XCConfigurationList section */
		FA8699FB1A4299A8006BBFF3 /* Build configuration list for PBXProject "PSM" */ = {
			isa = XCConfigurationList;
			buildConfigurations = (
				FA869A051A4299A8006BBFF3 /* Debug */,
				FA869A061A4299A8006BBFF3 /* Release */,
			);
			defaultConfigurationIsVisible = 0;
			defaultConfigurationName = Release;
		};
		FA869A071A4299A8006BBFF3 /* Build configuration list for PBXNativeTarget "PSM" */ = {
			isa = XCConfigurationList;
			buildConfigurations = (
				FA869A081A4299A8006BBFF3 /* Debug */,
				FA869A091A4299A8006BBFF3 /* Release */,
			);
			defaultConfigurationIsVisible = 0;
			defaultConfigurationName = Release;
		};
/* End XCConfigurationList section */
	};
	rootObject = FA8699F81A4299A8006BBFF3 /* Project object */;
}
